PODS:
  - Alamofire (3.1.5)
  - Font-Awesome-Swift (1.4.5)
  - Kingfisher (2.0.1)
  - SwiftyJSON (2.3.2)

DEPENDENCIES:
  - Alamofire (~> 3.0)
  - Font-Awesome-Swift (~> 1.4.5)
  - Kingfisher (~> 2.0)
  - SwiftyJSON

SPEC CHECKSUMS:
  Alamofire: 5f730ba29fd113b7ddd71c1e65d0c630acf5d7b0
  Font-Awesome-Swift: 0af30357ab68dbcfa2d211254a5c11a158261112
  Kingfisher: 3af2020040453f710507819e6aa5f5721da03d9b
  SwiftyJSON: 04ccea08915aa0109039157c7974cf0298da292a

COCOAPODS: 0.39.0
